{
  "pins" : [
    {
      "identity" : "alamofire",
      "kind" : "remoteSourceControl",
      "location" : "https://github.com/Alamofire/Alamofire.git",
      "state" : {
        "revision" : "f455c2975872ccd2d9c81594c658af65716e9b9a",
        "version" : "5.9.1"
      }
    },
    {
      "identity" : "themoviedbcore",
      "kind" : "remoteSourceControl",
      "location" : "https://github.com/alfian0/TheMovieDBCore.git",
      "state" : {
        "branch" : "main",
        "revision" : "30ae3b36404cf7159ee404e5d8a5f5880bfd62e4"
      }
    }
  ],
  "version" : 2
}
