{
  "pins" : [
    {
      "identity" : "alamofire",
      "kind" : "remoteSourceControl",
      "location" : "https://github.com/Alamofire/Alamofire.git",
      "state" : {
        "revision" : "f455c2975872ccd2d9c81594c658af65716e9b9a",
        "version" : "5.9.1"
      }
    },
    {
      "identity" : "themoviedbcore",
      "kind" : "remoteSourceControl",
      "location" : "https://github.com/alfian0/TheMovieDBCore.git",
      "state" : {
        "branch" : "main",
        "revision" : "1f6f90c870059aadbdd58a2331d09967e44a9890"
      }
    }
  ],
  "version" : 2
}
