{
  "pins" : [
    {
      "identity" : "themoviedbcore",
      "kind" : "remoteSourceControl",
      "location" : "https://github.com/alfian0/TheMovieDBCore.git",
      "state" : {
        "branch" : "main",
        "revision" : "1f6f90c870059aadbdd58a2331d09967e44a9890"
      }
    }
  ],
  "version" : 2
}
